
Microsoft Visual Studio Solution File, Format Version 12.00
# Visual Studio Version 16
VisualStudioVersion = 16.0.30204.135
MinimumVisualStudioVersion = 10.0.40219.1
Project("{9A19103F-16F7-4668-BE54-9A1E7A4F7556}") = "Blog.API", "Blog.API\Blog.API.csproj", "{063D4609-66A9-475F-995D-212FAF44EC24}"
EndProject
Project("{FAE04EC0-301F-11D3-BF4B-00C04F79EFBC}") = "Blog.DATA", "Blog.DATA\Blog.DATA.csproj", "{45276285-9E27-4460-B07E-6B871F8FD9A0}"
EndProject
Project("{FAE04EC0-301F-11D3-BF4B-00C04F79EFBC}") = "Blog.Core", "Blog.Core\Blog.Core.csproj", "{48C924B0-A61F-45A2-8590-6D6E57FB18DD}"
EndProject
Global
	GlobalSection(SolutionConfigurationPlatforms) = preSolution
		Debug|Any CPU = Debug|Any CPU
		Release|Any CPU = Release|Any CPU
	EndGlobalSection
	GlobalSection(ProjectConfigurationPlatforms) = postSolution
		{063D4609-66A9-475F-995D-212FAF44EC24}.Debug|Any CPU.ActiveCfg = Debug|Any CPU
		{063D4609-66A9-475F-995D-212FAF44EC24}.Debug|Any CPU.Build.0 = Debug|Any CPU
		{063D4609-66A9-475F-995D-212FAF44EC24}.Release|Any CPU.ActiveCfg = Release|Any CPU
		{063D4609-66A9-475F-995D-212FAF44EC24}.Release|Any CPU.Build.0 = Release|Any CPU
		{45276285-9E27-4460-B07E-6B871F8FD9A0}.Debug|Any CPU.ActiveCfg = Debug|Any CPU
		{45276285-9E27-4460-B07E-6B871F8FD9A0}.Debug|Any CPU.Build.0 = Debug|Any CPU
		{45276285-9E27-4460-B07E-6B871F8FD9A0}.Release|Any CPU.ActiveCfg = Release|Any CPU
		{45276285-9E27-4460-B07E-6B871F8FD9A0}.Release|Any CPU.Build.0 = Release|Any CPU
		{48C924B0-A61F-45A2-8590-6D6E57FB18DD}.Debug|Any CPU.ActiveCfg = Debug|Any CPU
		{48C924B0-A61F-45A2-8590-6D6E57FB18DD}.Debug|Any CPU.Build.0 = Debug|Any CPU
		{48C924B0-A61F-45A2-8590-6D6E57FB18DD}.Release|Any CPU.ActiveCfg = Release|Any CPU
		{48C924B0-A61F-45A2-8590-6D6E57FB18DD}.Release|Any CPU.Build.0 = Release|Any CPU
	EndGlobalSection
	GlobalSection(SolutionProperties) = preSolution
		HideSolutionNode = FALSE
	EndGlobalSection
	GlobalSection(ExtensibilityGlobals) = postSolution
		SolutionGuid = {AF5B6F39-5694-48A8-8E0D-F23A568B3F2C}
	EndGlobalSection
EndGlobal
